lockfileVersion: '6.0'

dependencies:
  '@wangeditor/editor-for-vue':
    specifier: ^5.1.12
    version: registry.npmmirror.com/@wangeditor/editor-for-vue@5.1.12(@wangeditor/editor@5.1.23)(vue@3.2.47)

packages:

  registry.npmmirror.com/@babel/helper-string-parser@7.19.4:
    resolution: { integrity: sha512-nHtDoQcuqFmwYNYPz3Rah5ph2p8PFeFCsZk9A/48dPc/rGocJ5J3hAAZ7pb76VWX3fZKu+uEr/FhH5jLx7umrw==, registry: http://registry.npm.taobao.org/, tarball: https://registry.npmmirror.com/@babel/helper-string-parser/-/helper-string-parser-7.19.4.tgz }
    name: '@babel/helper-string-parser'
    version: 7.19.4
    engines: { node: '>=6.9.0' }
    dev: false

  registry.npmmirror.com/@babel/helper-validator-identifier@7.19.1:
    resolution: { integrity: sha512-awrNfaMtnHUr653GgGEs++LlAvW6w+DcPrOliSMXWCKo597CwL5Acf/wWdNkf/tfEQE3mjkeD1YOVZOUV/od1w==, registry: http://registry.npm.taobao.org/, tarball: https://registry.npmmirror.com/@babel/helper-validator-identifier/-/helper-validator-identifier-7.19.1.tgz }
    name: '@babel/helper-validator-identifier'
    version: 7.19.1
    engines: { node: '>=6.9.0' }
    dev: false

  registry.npmmirror.com/@babel/parser@7.21.4:
    resolution: { integrity: sha512-alVJj7k7zIxqBZ7BTRhz0IqJFxW1VJbm6N8JbcYhQ186df9ZBPbZBmWSqAMXwHGsCJdYks7z/voa3ibiS5bCIw==, registry: http://registry.npm.taobao.org/, tarball: https://registry.npmmirror.com/@babel/parser/-/parser-7.21.4.tgz }
    name: '@babel/parser'
    version: 7.21.4
    engines: { node: '>=6.0.0' }
    hasBin: true
    dependencies:
      '@babel/types': registry.npmmirror.com/@babel/types@7.21.4
    dev: false

  registry.npmmirror.com/@babel/runtime@7.21.0:
    resolution: { integrity: sha512-xwII0//EObnq89Ji5AKYQaRYiW/nZ3llSv29d49IuxPhKbtJoLP+9QUUZ4nVragQVtaVGeZrpB+ZtG/Pdy/POw==, registry: http://registry.npm.taobao.org/, tarball: https://registry.npmmirror.com/@babel/runtime/-/runtime-7.21.0.tgz }
    name: '@babel/runtime'
    version: 7.21.0
    engines: { node: '>=6.9.0' }
    dependencies:
      regenerator-runtime: registry.npmmirror.com/regenerator-runtime@0.13.11
    dev: false

  registry.npmmirror.com/@babel/types@7.21.4:
    resolution: { integrity: sha512-rU2oY501qDxE8Pyo7i/Orqma4ziCOrby0/9mvbDUGEfvZjb279Nk9k19e2fiCxHbRRpY2ZyrgW1eq22mvmOIzA==, registry: http://registry.npm.taobao.org/, tarball: https://registry.npmmirror.com/@babel/types/-/types-7.21.4.tgz }
    name: '@babel/types'
    version: 7.21.4
    engines: { node: '>=6.9.0' }
    dependencies:
      '@babel/helper-string-parser': registry.npmmirror.com/@babel/helper-string-parser@7.19.4
      '@babel/helper-validator-identifier': registry.npmmirror.com/@babel/helper-validator-identifier@7.19.1
      to-fast-properties: registry.npmmirror.com/to-fast-properties@2.0.0
    dev: false

  registry.npmmirror.com/@transloadit/prettier-bytes@0.0.7:
    resolution: { integrity: sha512-VeJbUb0wEKbcwaSlj5n+LscBl9IPgLPkHVGBkh00cztv6X4L/TJXK58LzFuBKX7/GAfiGhIwH67YTLTlzvIzBA==, registry: http://registry.npm.taobao.org/, tarball: https://registry.npmmirror.com/@transloadit/prettier-bytes/-/prettier-bytes-0.0.7.tgz }
    name: '@transloadit/prettier-bytes'
    version: 0.0.7
    dev: false

  registry.npmmirror.com/@types/event-emitter@0.3.3:
    resolution: { integrity: sha512-UfnOK1pIxO7P+EgPRZXD9jMpimd8QEFcEZ5R67R1UhGbv4zghU5+NE7U8M8G9H5Jc8FI51rqDWQs6FtUfq2e/Q==, registry: http://registry.npm.taobao.org/, tarball: https://registry.npmmirror.com/@types/event-emitter/-/event-emitter-0.3.3.tgz }
    name: '@types/event-emitter'
    version: 0.3.3
    dev: false

  registry.npmmirror.com/@uppy/companion-client@2.2.2:
    resolution: { integrity: sha512-5mTp2iq97/mYSisMaBtFRry6PTgZA6SIL7LePteOV5x0/DxKfrZW3DEiQERJmYpHzy7k8johpm2gHnEKto56Og==, registry: http://registry.npm.taobao.org/, tarball: https://registry.npmmirror.com/@uppy/companion-client/-/companion-client-2.2.2.tgz }
    name: '@uppy/companion-client'
    version: 2.2.2
    dependencies:
      '@uppy/utils': registry.npmmirror.com/@uppy/utils@4.1.3
      namespace-emitter: registry.npmmirror.com/namespace-emitter@2.0.1
    dev: false

  registry.npmmirror.com/@uppy/core@2.3.4:
    resolution: { integrity: sha512-iWAqppC8FD8mMVqewavCz+TNaet6HPXitmGXpGGREGrakZ4FeuWytVdrelydzTdXx6vVKkOmI2FLztGg73sENQ==, registry: http://registry.npm.taobao.org/, tarball: https://registry.npmmirror.com/@uppy/core/-/core-2.3.4.tgz }
    name: '@uppy/core'
    version: 2.3.4
    dependencies:
      '@transloadit/prettier-bytes': registry.npmmirror.com/@transloadit/prettier-bytes@0.0.7
      '@uppy/store-default': registry.npmmirror.com/@uppy/store-default@2.1.1
      '@uppy/utils': registry.npmmirror.com/@uppy/utils@4.1.3
      lodash.throttle: registry.npmmirror.com/lodash.throttle@4.1.1
      mime-match: registry.npmmirror.com/mime-match@1.0.2
      namespace-emitter: registry.npmmirror.com/namespace-emitter@2.0.1
      nanoid: registry.npmmirror.com/nanoid@3.3.6
      preact: registry.npmmirror.com/preact@10.13.2
    dev: false

  registry.npmmirror.com/@uppy/store-default@2.1.1:
    resolution: { integrity: sha512-xnpTxvot2SeAwGwbvmJ899ASk5tYXhmZzD/aCFsXePh/v8rNvR2pKlcQUH7cF/y4baUGq3FHO/daKCok/mpKqQ==, registry: http://registry.npm.taobao.org/, tarball: https://registry.npmmirror.com/@uppy/store-default/-/store-default-2.1.1.tgz }
    name: '@uppy/store-default'
    version: 2.1.1
    dev: false

  registry.npmmirror.com/@uppy/utils@4.1.3:
    resolution: { integrity: sha512-nTuMvwWYobnJcytDO3t+D6IkVq/Qs4Xv3vyoEZ+Iaf8gegZP+rEyoaFT2CK5XLRMienPyqRqNbIfRuFaOWSIFw==, registry: http://registry.npm.taobao.org/, tarball: https://registry.npmmirror.com/@uppy/utils/-/utils-4.1.3.tgz }
    name: '@uppy/utils'
    version: 4.1.3
    dependencies:
      lodash.throttle: registry.npmmirror.com/lodash.throttle@4.1.1
    dev: false

  registry.npmmirror.com/@uppy/xhr-upload@2.1.3(@uppy/core@2.3.4):
    resolution: { integrity: sha512-YWOQ6myBVPs+mhNjfdWsQyMRWUlrDLMoaG7nvf/G6Y3GKZf8AyjFDjvvJ49XWQ+DaZOftGkHmF1uh/DBeGivJQ==, registry: http://registry.npm.taobao.org/, tarball: https://registry.npmmirror.com/@uppy/xhr-upload/-/xhr-upload-2.1.3.tgz }
    id: registry.npmmirror.com/@uppy/xhr-upload/2.1.3
    name: '@uppy/xhr-upload'
    version: 2.1.3
    peerDependencies:
      '@uppy/core': ^2.3.3
    dependencies:
      '@uppy/companion-client': registry.npmmirror.com/@uppy/companion-client@2.2.2
      '@uppy/core': registry.npmmirror.com/@uppy/core@2.3.4
      '@uppy/utils': registry.npmmirror.com/@uppy/utils@4.1.3
      nanoid: registry.npmmirror.com/nanoid@3.3.6
    dev: false

  registry.npmmirror.com/@vue/compiler-core@3.2.47:
    resolution: { integrity: sha512-p4D7FDnQb7+YJmO2iPEv0SQNeNzcbHdGByJDsT4lynf63AFkOTFN07HsiRSvjGo0QrxR/o3d0hUyNCUnBU2Tig==, registry: http://registry.npm.taobao.org/, tarball: https://registry.npmmirror.com/@vue/compiler-core/-/compiler-core-3.2.47.tgz }
    name: '@vue/compiler-core'
    version: 3.2.47
    dependencies:
      '@babel/parser': registry.npmmirror.com/@babel/parser@7.21.4
      '@vue/shared': registry.npmmirror.com/@vue/shared@3.2.47
      estree-walker: registry.npmmirror.com/estree-walker@2.0.2
      source-map: registry.npmmirror.com/source-map@0.6.1
    dev: false

  registry.npmmirror.com/@vue/compiler-dom@3.2.47:
    resolution: { integrity: sha512-dBBnEHEPoftUiS03a4ggEig74J2YBZ2UIeyfpcRM2tavgMWo4bsEfgCGsu+uJIL/vax9S+JztH8NmQerUo7shQ==, registry: http://registry.npm.taobao.org/, tarball: https://registry.npmmirror.com/@vue/compiler-dom/-/compiler-dom-3.2.47.tgz }
    name: '@vue/compiler-dom'
    version: 3.2.47
    dependencies:
      '@vue/compiler-core': registry.npmmirror.com/@vue/compiler-core@3.2.47
      '@vue/shared': registry.npmmirror.com/@vue/shared@3.2.47
    dev: false

  registry.npmmirror.com/@vue/compiler-sfc@3.2.47:
    resolution: { integrity: sha512-rog05W+2IFfxjMcFw10tM9+f7i/+FFpZJJ5XHX72NP9eC2uRD+42M3pYcQqDXVYoj74kHMSEdQ/WmCjt8JFksQ==, registry: http://registry.npm.taobao.org/, tarball: https://registry.npmmirror.com/@vue/compiler-sfc/-/compiler-sfc-3.2.47.tgz }
    name: '@vue/compiler-sfc'
    version: 3.2.47
    dependencies:
      '@babel/parser': registry.npmmirror.com/@babel/parser@7.21.4
      '@vue/compiler-core': registry.npmmirror.com/@vue/compiler-core@3.2.47
      '@vue/compiler-dom': registry.npmmirror.com/@vue/compiler-dom@3.2.47
      '@vue/compiler-ssr': registry.npmmirror.com/@vue/compiler-ssr@3.2.47
      '@vue/reactivity-transform': registry.npmmirror.com/@vue/reactivity-transform@3.2.47
      '@vue/shared': registry.npmmirror.com/@vue/shared@3.2.47
      estree-walker: registry.npmmirror.com/estree-walker@2.0.2
      magic-string: registry.npmmirror.com/magic-string@0.25.9
      postcss: registry.npmmirror.com/postcss@8.4.23
      source-map: registry.npmmirror.com/source-map@0.6.1
    dev: false

  registry.npmmirror.com/@vue/compiler-ssr@3.2.47:
    resolution: { integrity: sha512-wVXC+gszhulcMD8wpxMsqSOpvDZ6xKXSVWkf50Guf/S+28hTAXPDYRTbLQ3EDkOP5Xz/+SY37YiwDquKbJOgZw==, registry: http://registry.npm.taobao.org/, tarball: https://registry.npmmirror.com/@vue/compiler-ssr/-/compiler-ssr-3.2.47.tgz }
    name: '@vue/compiler-ssr'
    version: 3.2.47
    dependencies:
      '@vue/compiler-dom': registry.npmmirror.com/@vue/compiler-dom@3.2.47
      '@vue/shared': registry.npmmirror.com/@vue/shared@3.2.47
    dev: false

  registry.npmmirror.com/@vue/reactivity-transform@3.2.47:
    resolution: { integrity: sha512-m8lGXw8rdnPVVIdIFhf0LeQ/ixyHkH5plYuS83yop5n7ggVJU+z5v0zecwEnX7fa7HNLBhh2qngJJkxpwEEmYA==, registry: http://registry.npm.taobao.org/, tarball: https://registry.npmmirror.com/@vue/reactivity-transform/-/reactivity-transform-3.2.47.tgz }
    name: '@vue/reactivity-transform'
    version: 3.2.47
    dependencies:
      '@babel/parser': registry.npmmirror.com/@babel/parser@7.21.4
      '@vue/compiler-core': registry.npmmirror.com/@vue/compiler-core@3.2.47
      '@vue/shared': registry.npmmirror.com/@vue/shared@3.2.47
      estree-walker: registry.npmmirror.com/estree-walker@2.0.2
      magic-string: registry.npmmirror.com/magic-string@0.25.9
    dev: false

  registry.npmmirror.com/@vue/reactivity@3.2.47:
    resolution: { integrity: sha512-7khqQ/75oyyg+N/e+iwV6lpy1f5wq759NdlS1fpAhFXa8VeAIKGgk2E/C4VF59lx5b+Ezs5fpp/5WsRYXQiKxQ==, registry: http://registry.npm.taobao.org/, tarball: https://registry.npmmirror.com/@vue/reactivity/-/reactivity-3.2.47.tgz }
    name: '@vue/reactivity'
    version: 3.2.47
    dependencies:
      '@vue/shared': registry.npmmirror.com/@vue/shared@3.2.47
    dev: false

  registry.npmmirror.com/@vue/runtime-core@3.2.47:
    resolution: { integrity: sha512-RZxbLQIRB/K0ev0K9FXhNbBzT32H9iRtYbaXb0ZIz2usLms/D55dJR2t6cIEUn6vyhS3ALNvNthI+Q95C+NOpA==, registry: http://registry.npm.taobao.org/, tarball: https://registry.npmmirror.com/@vue/runtime-core/-/runtime-core-3.2.47.tgz }
    name: '@vue/runtime-core'
    version: 3.2.47
    dependencies:
      '@vue/reactivity': registry.npmmirror.com/@vue/reactivity@3.2.47
      '@vue/shared': registry.npmmirror.com/@vue/shared@3.2.47
    dev: false

  registry.npmmirror.com/@vue/runtime-dom@3.2.47:
    resolution: { integrity: sha512-ArXrFTjS6TsDei4qwNvgrdmHtD930KgSKGhS5M+j8QxXrDJYLqYw4RRcDy1bz1m1wMmb6j+zGLifdVHtkXA7gA==, registry: http://registry.npm.taobao.org/, tarball: https://registry.npmmirror.com/@vue/runtime-dom/-/runtime-dom-3.2.47.tgz }
    name: '@vue/runtime-dom'
    version: 3.2.47
    dependencies:
      '@vue/runtime-core': registry.npmmirror.com/@vue/runtime-core@3.2.47
      '@vue/shared': registry.npmmirror.com/@vue/shared@3.2.47
      csstype: registry.npmmirror.com/csstype@2.6.21
    dev: false

  registry.npmmirror.com/@vue/server-renderer@3.2.47(vue@3.2.47):
    resolution: { integrity: sha512-dN9gc1i8EvmP9RCzvneONXsKfBRgqFeFZLurmHOveL7oH6HiFXJw5OGu294n1nHc/HMgTy6LulU/tv5/A7f/LA==, registry: http://registry.npm.taobao.org/, tarball: https://registry.npmmirror.com/@vue/server-renderer/-/server-renderer-3.2.47.tgz }
    id: registry.npmmirror.com/@vue/server-renderer/3.2.47
    name: '@vue/server-renderer'
    version: 3.2.47
    peerDependencies:
      vue: 3.2.47
    dependencies:
      '@vue/compiler-ssr': registry.npmmirror.com/@vue/compiler-ssr@3.2.47
      '@vue/shared': registry.npmmirror.com/@vue/shared@3.2.47
      vue: registry.npmmirror.com/vue@3.2.47
    dev: false

  registry.npmmirror.com/@vue/shared@3.2.47:
    resolution: { integrity: sha512-BHGyyGN3Q97EZx0taMQ+OLNuZcW3d37ZEVmEAyeoA9ERdGvm9Irc/0Fua8SNyOtV1w6BS4q25wbMzJujO9HIfQ==, registry: http://registry.npm.taobao.org/, tarball: https://registry.npmmirror.com/@vue/shared/-/shared-3.2.47.tgz }
    name: '@vue/shared'
    version: 3.2.47
    dev: false

  registry.npmmirror.com/@wangeditor/basic-modules@1.1.7(@wangeditor/core@1.1.19)(dom7@3.0.0)(lodash.throttle@4.1.1)(nanoid@3.3.6)(slate@0.72.8)(snabbdom@3.5.1):
    resolution: { integrity: sha512-cY9CPkLJaqF05STqfpZKWG4LpxTMeGSIIF1fHvfm/mz+JXatCagjdkbxdikOuKYlxDdeqvOeBmsUBItufDLXZg==, registry: http://registry.npm.taobao.org/, tarball: https://registry.npmmirror.com/@wangeditor/basic-modules/-/basic-modules-1.1.7.tgz }
    id: registry.npmmirror.com/@wangeditor/basic-modules/1.1.7
    name: '@wangeditor/basic-modules'
    version: 1.1.7
    peerDependencies:
      '@wangeditor/core': 1.x
      dom7: ^3.0.0
      lodash.throttle: ^4.1.1
      nanoid: ^3.2.0
      slate: ^0.72.0
      snabbdom: ^3.1.0
    dependencies:
      '@wangeditor/core': registry.npmmirror.com/@wangeditor/core@1.1.19(@uppy/core@2.3.4)(@uppy/xhr-upload@2.1.3)(dom7@3.0.0)(is-hotkey@0.2.0)(lodash.camelcase@4.3.0)(lodash.clonedeep@4.5.0)(lodash.debounce@4.0.8)(lodash.foreach@4.5.0)(lodash.isequal@4.5.0)(lodash.throttle@4.1.1)(lodash.toarray@4.4.0)(nanoid@3.3.6)(slate@0.72.8)(snabbdom@3.5.1)
      dom7: registry.npmmirror.com/dom7@3.0.0
      is-url: registry.npmmirror.com/is-url@1.2.4
      lodash.throttle: registry.npmmirror.com/lodash.throttle@4.1.1
      nanoid: registry.npmmirror.com/nanoid@3.3.6
      slate: registry.npmmirror.com/slate@0.72.8
      snabbdom: registry.npmmirror.com/snabbdom@3.5.1
    dev: false

  registry.npmmirror.com/@wangeditor/code-highlight@1.0.3(@wangeditor/core@1.1.19)(dom7@3.0.0)(slate@0.72.8)(snabbdom@3.5.1):
    resolution: { integrity: sha512-iazHwO14XpCuIWJNTQTikqUhGKyqj+dUNWJ9288Oym9M2xMVHvnsOmDU2sgUDWVy+pOLojReMPgXCsvvNlOOhw==, registry: http://registry.npm.taobao.org/, tarball: https://registry.npmmirror.com/@wangeditor/code-highlight/-/code-highlight-1.0.3.tgz }
    id: registry.npmmirror.com/@wangeditor/code-highlight/1.0.3
    name: '@wangeditor/code-highlight'
    version: 1.0.3
    peerDependencies:
      '@wangeditor/core': 1.x
      dom7: ^3.0.0
      slate: ^0.72.0
      snabbdom: ^3.1.0
    dependencies:
      '@wangeditor/core': registry.npmmirror.com/@wangeditor/core@1.1.19(@uppy/core@2.3.4)(@uppy/xhr-upload@2.1.3)(dom7@3.0.0)(is-hotkey@0.2.0)(lodash.camelcase@4.3.0)(lodash.clonedeep@4.5.0)(lodash.debounce@4.0.8)(lodash.foreach@4.5.0)(lodash.isequal@4.5.0)(lodash.throttle@4.1.1)(lodash.toarray@4.4.0)(nanoid@3.3.6)(slate@0.72.8)(snabbdom@3.5.1)
      dom7: registry.npmmirror.com/dom7@3.0.0
      prismjs: registry.npmmirror.com/prismjs@1.29.0
      slate: registry.npmmirror.com/slate@0.72.8
      snabbdom: registry.npmmirror.com/snabbdom@3.5.1
    dev: false

  registry.npmmirror.com/@wangeditor/core@1.1.19(@uppy/core@2.3.4)(@uppy/xhr-upload@2.1.3)(dom7@3.0.0)(is-hotkey@0.2.0)(lodash.camelcase@4.3.0)(lodash.clonedeep@4.5.0)(lodash.debounce@4.0.8)(lodash.foreach@4.5.0)(lodash.isequal@4.5.0)(lodash.throttle@4.1.1)(lodash.toarray@4.4.0)(nanoid@3.3.6)(slate@0.72.8)(snabbdom@3.5.1):
    resolution: { integrity: sha512-KevkB47+7GhVszyYF2pKGKtCSj/YzmClsD03C3zTt+9SR2XWT5T0e3yQqg8baZpcMvkjs1D8Dv4fk8ok/UaS2Q==, registry: http://registry.npm.taobao.org/, tarball: https://registry.npmmirror.com/@wangeditor/core/-/core-1.1.19.tgz }
    id: registry.npmmirror.com/@wangeditor/core/1.1.19
    name: '@wangeditor/core'
    version: 1.1.19
    peerDependencies:
      '@uppy/core': ^2.1.1
      '@uppy/xhr-upload': ^2.0.3
      dom7: ^3.0.0
      is-hotkey: ^0.2.0
      lodash.camelcase: ^4.3.0
      lodash.clonedeep: ^4.5.0
      lodash.debounce: ^4.0.8
      lodash.foreach: ^4.5.0
      lodash.isequal: ^4.5.0
      lodash.throttle: ^4.1.1
      lodash.toarray: ^4.4.0
      nanoid: ^3.2.0
      slate: ^0.72.0
      snabbdom: ^3.1.0
    dependencies:
      '@types/event-emitter': registry.npmmirror.com/@types/event-emitter@0.3.3
      '@uppy/core': registry.npmmirror.com/@uppy/core@2.3.4
      '@uppy/xhr-upload': registry.npmmirror.com/@uppy/xhr-upload@2.1.3(@uppy/core@2.3.4)
      dom7: registry.npmmirror.com/dom7@3.0.0
      event-emitter: registry.npmmirror.com/event-emitter@0.3.5
      html-void-elements: registry.npmmirror.com/html-void-elements@2.0.1
      i18next: registry.npmmirror.com/i18next@20.6.1
      is-hotkey: registry.npmmirror.com/is-hotkey@0.2.0
      lodash.camelcase: registry.npmmirror.com/lodash.camelcase@4.3.0
      lodash.clonedeep: registry.npmmirror.com/lodash.clonedeep@4.5.0
      lodash.debounce: registry.npmmirror.com/lodash.debounce@4.0.8
      lodash.foreach: registry.npmmirror.com/lodash.foreach@4.5.0
      lodash.isequal: registry.npmmirror.com/lodash.isequal@4.5.0
      lodash.throttle: registry.npmmirror.com/lodash.throttle@4.1.1
      lodash.toarray: registry.npmmirror.com/lodash.toarray@4.4.0
      nanoid: registry.npmmirror.com/nanoid@3.3.6
      scroll-into-view-if-needed: registry.npmmirror.com/scroll-into-view-if-needed@2.2.31
      slate: registry.npmmirror.com/slate@0.72.8
      slate-history: registry.npmmirror.com/slate-history@0.66.0(slate@0.72.8)
      snabbdom: registry.npmmirror.com/snabbdom@3.5.1
    dev: false

  registry.npmmirror.com/@wangeditor/editor-for-vue@5.1.12(@wangeditor/editor@5.1.23)(vue@3.2.47):
    resolution: { integrity: sha512-0Ds3D8I+xnpNWezAeO7HmPRgTfUxHLMd9JKcIw+QzvSmhC5xUHbpCcLU+KLmeBKTR/zffnS5GQo6qi3GhTMJWQ==, registry: http://registry.npm.taobao.org/, tarball: https://registry.npmmirror.com/@wangeditor/editor-for-vue/-/editor-for-vue-5.1.12.tgz }
    id: registry.npmmirror.com/@wangeditor/editor-for-vue/5.1.12
    name: '@wangeditor/editor-for-vue'
    version: 5.1.12
    peerDependencies:
      '@wangeditor/editor': '>=5.1.0'
      vue: ^3.0.5
    dependencies:
      '@wangeditor/editor': registry.npmmirror.com/@wangeditor/editor@5.1.23
      vue: registry.npmmirror.com/vue@3.2.47
    dev: false

  registry.npmmirror.com/@wangeditor/editor@5.1.23:
    resolution: { integrity: sha512-0RxfeVTuK1tktUaPROnCoFfaHVJpRAIE2zdS0mpP+vq1axVQpLjM8+fCvKzqYIkH0Pg+C+44hJpe3VVroSkEuQ==, registry: http://registry.npm.taobao.org/, tarball: https://registry.npmmirror.com/@wangeditor/editor/-/editor-5.1.23.tgz }
    name: '@wangeditor/editor'
    version: 5.1.23
    dependencies:
      '@uppy/core': registry.npmmirror.com/@uppy/core@2.3.4
      '@uppy/xhr-upload': registry.npmmirror.com/@uppy/xhr-upload@2.1.3(@uppy/core@2.3.4)
      '@wangeditor/basic-modules': registry.npmmirror.com/@wangeditor/basic-modules@1.1.7(@wangeditor/core@1.1.19)(dom7@3.0.0)(lodash.throttle@4.1.1)(nanoid@3.3.6)(slate@0.72.8)(snabbdom@3.5.1)
      '@wangeditor/code-highlight': registry.npmmirror.com/@wangeditor/code-highlight@1.0.3(@wangeditor/core@1.1.19)(dom7@3.0.0)(slate@0.72.8)(snabbdom@3.5.1)
      '@wangeditor/core': registry.npmmirror.com/@wangeditor/core@1.1.19(@uppy/core@2.3.4)(@uppy/xhr-upload@2.1.3)(dom7@3.0.0)(is-hotkey@0.2.0)(lodash.camelcase@4.3.0)(lodash.clonedeep@4.5.0)(lodash.debounce@4.0.8)(lodash.foreach@4.5.0)(lodash.isequal@4.5.0)(lodash.throttle@4.1.1)(lodash.toarray@4.4.0)(nanoid@3.3.6)(slate@0.72.8)(snabbdom@3.5.1)
      '@wangeditor/list-module': registry.npmmirror.com/@wangeditor/list-module@1.0.5(@wangeditor/core@1.1.19)(dom7@3.0.0)(slate@0.72.8)(snabbdom@3.5.1)
      '@wangeditor/table-module': registry.npmmirror.com/@wangeditor/table-module@1.1.4(@wangeditor/core@1.1.19)(dom7@3.0.0)(lodash.isequal@4.5.0)(lodash.throttle@4.1.1)(nanoid@3.3.6)(slate@0.72.8)(snabbdom@3.5.1)
      '@wangeditor/upload-image-module': registry.npmmirror.com/@wangeditor/upload-image-module@1.0.2(@uppy/core@2.3.4)(@uppy/xhr-upload@2.1.3)(@wangeditor/basic-modules@1.1.7)(@wangeditor/core@1.1.19)(dom7@3.0.0)(lodash.foreach@4.5.0)(slate@0.72.8)(snabbdom@3.5.1)
      '@wangeditor/video-module': registry.npmmirror.com/@wangeditor/video-module@1.1.4(@uppy/core@2.3.4)(@uppy/xhr-upload@2.1.3)(@wangeditor/core@1.1.19)(dom7@3.0.0)(nanoid@3.3.6)(slate@0.72.8)(snabbdom@3.5.1)
      dom7: registry.npmmirror.com/dom7@3.0.0
      is-hotkey: registry.npmmirror.com/is-hotkey@0.2.0
      lodash.camelcase: registry.npmmirror.com/lodash.camelcase@4.3.0
      lodash.clonedeep: registry.npmmirror.com/lodash.clonedeep@4.5.0
      lodash.debounce: registry.npmmirror.com/lodash.debounce@4.0.8
      lodash.foreach: registry.npmmirror.com/lodash.foreach@4.5.0
      lodash.isequal: registry.npmmirror.com/lodash.isequal@4.5.0
      lodash.throttle: registry.npmmirror.com/lodash.throttle@4.1.1
      lodash.toarray: registry.npmmirror.com/lodash.toarray@4.4.0
      nanoid: registry.npmmirror.com/nanoid@3.3.6
      slate: registry.npmmirror.com/slate@0.72.8
      snabbdom: registry.npmmirror.com/snabbdom@3.5.1
    dev: false

  registry.npmmirror.com/@wangeditor/list-module@1.0.5(@wangeditor/core@1.1.19)(dom7@3.0.0)(slate@0.72.8)(snabbdom@3.5.1):
    resolution: { integrity: sha512-uDuYTP6DVhcYf7mF1pTlmNn5jOb4QtcVhYwSSAkyg09zqxI1qBqsfUnveeDeDqIuptSJhkh81cyxi+MF8sEPOQ==, registry: http://registry.npm.taobao.org/, tarball: https://registry.npmmirror.com/@wangeditor/list-module/-/list-module-1.0.5.tgz }
    id: registry.npmmirror.com/@wangeditor/list-module/1.0.5
    name: '@wangeditor/list-module'
    version: 1.0.5
    peerDependencies:
      '@wangeditor/core': 1.x
      dom7: ^3.0.0
      slate: ^0.72.0
      snabbdom: ^3.1.0
    dependencies:
      '@wangeditor/core': registry.npmmirror.com/@wangeditor/core@1.1.19(@uppy/core@2.3.4)(@uppy/xhr-upload@2.1.3)(dom7@3.0.0)(is-hotkey@0.2.0)(lodash.camelcase@4.3.0)(lodash.clonedeep@4.5.0)(lodash.debounce@4.0.8)(lodash.foreach@4.5.0)(lodash.isequal@4.5.0)(lodash.throttle@4.1.1)(lodash.toarray@4.4.0)(nanoid@3.3.6)(slate@0.72.8)(snabbdom@3.5.1)
      dom7: registry.npmmirror.com/dom7@3.0.0
      slate: registry.npmmirror.com/slate@0.72.8
      snabbdom: registry.npmmirror.com/snabbdom@3.5.1
    dev: false

  registry.npmmirror.com/@wangeditor/table-module@1.1.4(@wangeditor/core@1.1.19)(dom7@3.0.0)(lodash.isequal@4.5.0)(lodash.throttle@4.1.1)(nanoid@3.3.6)(slate@0.72.8)(snabbdom@3.5.1):
    resolution: { integrity: sha512-5saanU9xuEocxaemGdNi9t8MCDSucnykEC6jtuiT72kt+/Hhh4nERYx1J20OPsTCCdVr7hIyQenFD1iSRkIQ6w==, registry: http://registry.npm.taobao.org/, tarball: https://registry.npmmirror.com/@wangeditor/table-module/-/table-module-1.1.4.tgz }
    id: registry.npmmirror.com/@wangeditor/table-module/1.1.4
    name: '@wangeditor/table-module'
    version: 1.1.4
    peerDependencies:
      '@wangeditor/core': 1.x
      dom7: ^3.0.0
      lodash.isequal: ^4.5.0
      lodash.throttle: ^4.1.1
      nanoid: ^3.2.0
      slate: ^0.72.0
      snabbdom: ^3.1.0
    dependencies:
      '@wangeditor/core': registry.npmmirror.com/@wangeditor/core@1.1.19(@uppy/core@2.3.4)(@uppy/xhr-upload@2.1.3)(dom7@3.0.0)(is-hotkey@0.2.0)(lodash.camelcase@4.3.0)(lodash.clonedeep@4.5.0)(lodash.debounce@4.0.8)(lodash.foreach@4.5.0)(lodash.isequal@4.5.0)(lodash.throttle@4.1.1)(lodash.toarray@4.4.0)(nanoid@3.3.6)(slate@0.72.8)(snabbdom@3.5.1)
      dom7: registry.npmmirror.com/dom7@3.0.0
      lodash.isequal: registry.npmmirror.com/lodash.isequal@4.5.0
      lodash.throttle: registry.npmmirror.com/lodash.throttle@4.1.1
      nanoid: registry.npmmirror.com/nanoid@3.3.6
      slate: registry.npmmirror.com/slate@0.72.8
      snabbdom: registry.npmmirror.com/snabbdom@3.5.1
    dev: false

  registry.npmmirror.com/@wangeditor/upload-image-module@1.0.2(@uppy/core@2.3.4)(@uppy/xhr-upload@2.1.3)(@wangeditor/basic-modules@1.1.7)(@wangeditor/core@1.1.19)(dom7@3.0.0)(lodash.foreach@4.5.0)(slate@0.72.8)(snabbdom@3.5.1):
    resolution: { integrity: sha512-z81lk/v71OwPDYeQDxj6cVr81aDP90aFuywb8nPD6eQeECtOymrqRODjpO6VGvCVxVck8nUxBHtbxKtjgcwyiA==, registry: http://registry.npm.taobao.org/, tarball: https://registry.npmmirror.com/@wangeditor/upload-image-module/-/upload-image-module-1.0.2.tgz }
    id: registry.npmmirror.com/@wangeditor/upload-image-module/1.0.2
    name: '@wangeditor/upload-image-module'
    version: 1.0.2
    peerDependencies:
      '@uppy/core': ^2.0.3
      '@uppy/xhr-upload': ^2.0.3
      '@wangeditor/basic-modules': 1.x
      '@wangeditor/core': 1.x
      dom7: ^3.0.0
      lodash.foreach: ^4.5.0
      slate: ^0.72.0
      snabbdom: ^3.1.0
    dependencies:
      '@uppy/core': registry.npmmirror.com/@uppy/core@2.3.4
      '@uppy/xhr-upload': registry.npmmirror.com/@uppy/xhr-upload@2.1.3(@uppy/core@2.3.4)
      '@wangeditor/basic-modules': registry.npmmirror.com/@wangeditor/basic-modules@1.1.7(@wangeditor/core@1.1.19)(dom7@3.0.0)(lodash.throttle@4.1.1)(nanoid@3.3.6)(slate@0.72.8)(snabbdom@3.5.1)
      '@wangeditor/core': registry.npmmirror.com/@wangeditor/core@1.1.19(@uppy/core@2.3.4)(@uppy/xhr-upload@2.1.3)(dom7@3.0.0)(is-hotkey@0.2.0)(lodash.camelcase@4.3.0)(lodash.clonedeep@4.5.0)(lodash.debounce@4.0.8)(lodash.foreach@4.5.0)(lodash.isequal@4.5.0)(lodash.throttle@4.1.1)(lodash.toarray@4.4.0)(nanoid@3.3.6)(slate@0.72.8)(snabbdom@3.5.1)
      dom7: registry.npmmirror.com/dom7@3.0.0
      lodash.foreach: registry.npmmirror.com/lodash.foreach@4.5.0
      slate: registry.npmmirror.com/slate@0.72.8
      snabbdom: registry.npmmirror.com/snabbdom@3.5.1
    dev: false

  registry.npmmirror.com/@wangeditor/video-module@1.1.4(@uppy/core@2.3.4)(@uppy/xhr-upload@2.1.3)(@wangeditor/core@1.1.19)(dom7@3.0.0)(nanoid@3.3.6)(slate@0.72.8)(snabbdom@3.5.1):
    resolution: { integrity: sha512-ZdodDPqKQrgx3IwWu4ZiQmXI8EXZ3hm2/fM6E3t5dB8tCaIGWQZhmqd6P5knfkRAd3z2+YRSRbxOGfoRSp/rLg==, registry: http://registry.npm.taobao.org/, tarball: https://registry.npmmirror.com/@wangeditor/video-module/-/video-module-1.1.4.tgz }
    id: registry.npmmirror.com/@wangeditor/video-module/1.1.4
    name: '@wangeditor/video-module'
    version: 1.1.4
    peerDependencies:
      '@uppy/core': ^2.1.4
      '@uppy/xhr-upload': ^2.0.7
      '@wangeditor/core': 1.x
      dom7: ^3.0.0
      nanoid: ^3.2.0
      slate: ^0.72.0
      snabbdom: ^3.1.0
    dependencies:
      '@uppy/core': registry.npmmirror.com/@uppy/core@2.3.4
      '@uppy/xhr-upload': registry.npmmirror.com/@uppy/xhr-upload@2.1.3(@uppy/core@2.3.4)
      '@wangeditor/core': registry.npmmirror.com/@wangeditor/core@1.1.19(@uppy/core@2.3.4)(@uppy/xhr-upload@2.1.3)(dom7@3.0.0)(is-hotkey@0.2.0)(lodash.camelcase@4.3.0)(lodash.clonedeep@4.5.0)(lodash.debounce@4.0.8)(lodash.foreach@4.5.0)(lodash.isequal@4.5.0)(lodash.throttle@4.1.1)(lodash.toarray@4.4.0)(nanoid@3.3.6)(slate@0.72.8)(snabbdom@3.5.1)
      dom7: registry.npmmirror.com/dom7@3.0.0
      nanoid: registry.npmmirror.com/nanoid@3.3.6
      slate: registry.npmmirror.com/slate@0.72.8
      snabbdom: registry.npmmirror.com/snabbdom@3.5.1
    dev: false

  registry.npmmirror.com/compute-scroll-into-view@1.0.20:
    resolution: { integrity: sha512-UCB0ioiyj8CRjtrvaceBLqqhZCVP+1B8+NWQhmdsm0VXOJtobBCf1dBQmebCCo34qZmUwZfIH2MZLqNHazrfjg==, registry: http://registry.npm.taobao.org/, tarball: https://registry.npmmirror.com/compute-scroll-into-view/-/compute-scroll-into-view-1.0.20.tgz }
    name: compute-scroll-into-view
    version: 1.0.20
    dev: false

  registry.npmmirror.com/csstype@2.6.21:
    resolution: { integrity: sha512-Z1PhmomIfypOpoMjRQB70jfvy/wxT50qW08YXO5lMIJkrdq4yOTR+AW7FqutScmB9NkLwxo+jU+kZLbofZZq/w==, registry: http://registry.npm.taobao.org/, tarball: https://registry.npmmirror.com/csstype/-/csstype-2.6.21.tgz }
    name: csstype
    version: 2.6.21
    dev: false

  registry.npmmirror.com/d@1.0.1:
    resolution: { integrity: sha512-m62ShEObQ39CfralilEQRjH6oAMtNCV1xJyEx5LpRYUVN+EviphDgUc/F3hnYbADmkiNs67Y+3ylmlG7Lnu+FA==, registry: http://registry.npm.taobao.org/, tarball: https://registry.npmmirror.com/d/-/d-1.0.1.tgz }
    name: d
    version: 1.0.1
    dependencies:
      es5-ext: registry.npmmirror.com/es5-ext@0.10.62
      type: registry.npmmirror.com/type@1.2.0
    dev: false

  registry.npmmirror.com/dom7@3.0.0:
    resolution: { integrity: sha512-oNlcUdHsC4zb7Msx7JN3K0Nro1dzJ48knvBOnDPKJ2GV9wl1i5vydJZUSyOfrkKFDZEud/jBsTk92S/VGSAe/g==, registry: http://registry.npm.taobao.org/, tarball: https://registry.npmmirror.com/dom7/-/dom7-3.0.0.tgz }
    name: dom7
    version: 3.0.0
    dependencies:
      ssr-window: registry.npmmirror.com/ssr-window@3.0.0
    dev: false

  registry.npmmirror.com/es5-ext@0.10.62:
    resolution: { integrity: sha512-BHLqn0klhEpnOKSrzn/Xsz2UIW8j+cGmo9JLzr8BiUapV8hPL9+FliFqjwr9ngW7jWdnxv6eO+/LqyhJVqgrjA==, registry: http://registry.npm.taobao.org/, tarball: https://registry.npmmirror.com/es5-ext/-/es5-ext-0.10.62.tgz }
    name: es5-ext
    version: 0.10.62
    engines: { node: '>=0.10' }
    requiresBuild: true
    dependencies:
      es6-iterator: registry.npmmirror.com/es6-iterator@2.0.3
      es6-symbol: registry.npmmirror.com/es6-symbol@3.1.3
      next-tick: registry.npmmirror.com/next-tick@1.1.0
    dev: false

  registry.npmmirror.com/es6-iterator@2.0.3:
    resolution: { integrity: sha512-zw4SRzoUkd+cl+ZoE15A9o1oQd920Bb0iOJMQkQhl3jNc03YqVjAhG7scf9C5KWRU/R13Orf588uCC6525o02g==, registry: http://registry.npm.taobao.org/, tarball: https://registry.npmmirror.com/es6-iterator/-/es6-iterator-2.0.3.tgz }
    name: es6-iterator
    version: 2.0.3
    dependencies:
      d: registry.npmmirror.com/d@1.0.1
      es5-ext: registry.npmmirror.com/es5-ext@0.10.62
      es6-symbol: registry.npmmirror.com/es6-symbol@3.1.3
    dev: false

  registry.npmmirror.com/es6-symbol@3.1.3:
    resolution: { integrity: sha512-NJ6Yn3FuDinBaBRWl/q5X/s4koRHBrgKAu+yGI6JCBeiu3qrcbJhwT2GeR/EXVfylRk8dpQVJoLEFhK+Mu31NA==, registry: http://registry.npm.taobao.org/, tarball: https://registry.npmmirror.com/es6-symbol/-/es6-symbol-3.1.3.tgz }
    name: es6-symbol
    version: 3.1.3
    dependencies:
      d: registry.npmmirror.com/d@1.0.1
      ext: registry.npmmirror.com/ext@1.7.0
    dev: false

  registry.npmmirror.com/estree-walker@2.0.2:
    resolution: { integrity: sha512-Rfkk/Mp/DL7JVje3u18FxFujQlTNR2q6QfMSMB7AvCBx91NGj/ba3kCfza0f6dVDbw7YlRf/nDrn7pQrCCyQ/w==, registry: http://registry.npm.taobao.org/, tarball: https://registry.npmmirror.com/estree-walker/-/estree-walker-2.0.2.tgz }
    name: estree-walker
    version: 2.0.2
    dev: false

  registry.npmmirror.com/event-emitter@0.3.5:
    resolution: { integrity: sha512-D9rRn9y7kLPnJ+hMq7S/nhvoKwwvVJahBi2BPmx3bvbsEdK3W9ii8cBSGjP+72/LnM4n6fo3+dkCX5FeTQruXA==, registry: http://registry.npm.taobao.org/, tarball: https://registry.npmmirror.com/event-emitter/-/event-emitter-0.3.5.tgz }
    name: event-emitter
    version: 0.3.5
    dependencies:
      d: registry.npmmirror.com/d@1.0.1
      es5-ext: registry.npmmirror.com/es5-ext@0.10.62
    dev: false

  registry.npmmirror.com/ext@1.7.0:
    resolution: { integrity: sha512-6hxeJYaL110a9b5TEJSj0gojyHQAmA2ch5Os+ySCiA1QGdS697XWY1pzsrSjqA9LDEEgdB/KypIlR59RcLuHYw==, registry: http://registry.npm.taobao.org/, tarball: https://registry.npmmirror.com/ext/-/ext-1.7.0.tgz }
    name: ext
    version: 1.7.0
    dependencies:
      type: registry.npmmirror.com/type@2.7.2
    dev: false

  registry.npmmirror.com/html-void-elements@2.0.1:
    resolution: { integrity: sha512-0quDb7s97CfemeJAnW9wC0hw78MtW7NU3hqtCD75g2vFlDLt36llsYD7uB7SUzojLMP24N5IatXf7ylGXiGG9A==, registry: http://registry.npm.taobao.org/, tarball: https://registry.npmmirror.com/html-void-elements/-/html-void-elements-2.0.1.tgz }
    name: html-void-elements
    version: 2.0.1
    dev: false

  registry.npmmirror.com/i18next@20.6.1:
    resolution: { integrity: sha512-yCMYTMEJ9ihCwEQQ3phLo7I/Pwycf8uAx+sRHwwk5U9Aui/IZYgQRyMqXafQOw5QQ7DM1Z+WyEXWIqSuJHhG2A==, registry: http://registry.npm.taobao.org/, tarball: https://registry.npmmirror.com/i18next/-/i18next-20.6.1.tgz }
    name: i18next
    version: 20.6.1
    dependencies:
      '@babel/runtime': registry.npmmirror.com/@babel/runtime@7.21.0
    dev: false

  registry.npmmirror.com/immer@9.0.21:
    resolution: { integrity: sha512-bc4NBHqOqSfRW7POMkHd51LvClaeMXpm8dx0e8oE2GORbq5aRK7Bxl4FyzVLdGtLmvLKL7BTDBG5ACQm4HWjTA==, registry: http://registry.npm.taobao.org/, tarball: https://registry.npmmirror.com/immer/-/immer-9.0.21.tgz }
    name: immer
    version: 9.0.21
    dev: false

  registry.npmmirror.com/is-hotkey@0.2.0:
    resolution: { integrity: sha512-UknnZK4RakDmTgz4PI1wIph5yxSs/mvChWs9ifnlXsKuXgWmOkY/hAE0H/k2MIqH0RlRye0i1oC07MCRSD28Mw==, registry: http://registry.npm.taobao.org/, tarball: https://registry.npmmirror.com/is-hotkey/-/is-hotkey-0.2.0.tgz }
    name: is-hotkey
    version: 0.2.0
    dev: false

  registry.npmmirror.com/is-plain-object@5.0.0:
    resolution: { integrity: sha512-VRSzKkbMm5jMDoKLbltAkFQ5Qr7VDiTFGXxYFXXowVj387GeGNOCsOH6Msy00SGZ3Fp84b1Naa1psqgcCIEP5Q==, registry: http://registry.npm.taobao.org/, tarball: https://registry.npmmirror.com/is-plain-object/-/is-plain-object-5.0.0.tgz }
    name: is-plain-object
    version: 5.0.0
    engines: { node: '>=0.10.0' }
    dev: false

  registry.npmmirror.com/is-url@1.2.4:
    resolution: { integrity: sha512-ITvGim8FhRiYe4IQ5uHSkj7pVaPDrCTkNd3yq3cV7iZAcJdHTUMPMEHcqSOy9xZ9qFenQCvi+2wjH9a1nXqHww==, registry: http://registry.npm.taobao.org/, tarball: https://registry.npmmirror.com/is-url/-/is-url-1.2.4.tgz }
    name: is-url
    version: 1.2.4
    dev: false

  registry.npmmirror.com/lodash.camelcase@4.3.0:
    resolution: { integrity: sha512-TwuEnCnxbc3rAvhf/LbG7tJUDzhqXyFnv3dtzLOPgCG/hODL7WFnsbwktkD7yUV0RrreP/l1PALq/YSg6VvjlA==, registry: http://registry.npm.taobao.org/, tarball: https://registry.npmmirror.com/lodash.camelcase/-/lodash.camelcase-4.3.0.tgz }
    name: lodash.camelcase
    version: 4.3.0
    dev: false

  registry.npmmirror.com/lodash.clonedeep@4.5.0:
    resolution: { integrity: sha512-H5ZhCF25riFd9uB5UCkVKo61m3S/xZk1x4wA6yp/L3RFP6Z/eHH1ymQcGLo7J3GMPfm0V/7m1tryHuGVxpqEBQ==, registry: http://registry.npm.taobao.org/, tarball: https://registry.npmmirror.com/lodash.clonedeep/-/lodash.clonedeep-4.5.0.tgz }
    name: lodash.clonedeep
    version: 4.5.0
    dev: false

  registry.npmmirror.com/lodash.debounce@4.0.8:
    resolution: { integrity: sha512-FT1yDzDYEoYWhnSGnpE/4Kj1fLZkDFyqRb7fNt6FdYOSxlUWAtp42Eh6Wb0rGIv/m9Bgo7x4GhQbm5Ys4SG5ow==, registry: http://registry.npm.taobao.org/, tarball: https://registry.npmmirror.com/lodash.debounce/-/lodash.debounce-4.0.8.tgz }
    name: lodash.debounce
    version: 4.0.8
    dev: false

  registry.npmmirror.com/lodash.foreach@4.5.0:
    resolution: { integrity: sha512-aEXTF4d+m05rVOAUG3z4vZZ4xVexLKZGF0lIxuHZ1Hplpk/3B6Z1+/ICICYRLm7c41Z2xiejbkCkJoTlypoXhQ==, registry: http://registry.npm.taobao.org/, tarball: https://registry.npmmirror.com/lodash.foreach/-/lodash.foreach-4.5.0.tgz }
    name: lodash.foreach
    version: 4.5.0
    dev: false

  registry.npmmirror.com/lodash.isequal@4.5.0:
    resolution: { integrity: sha512-pDo3lu8Jhfjqls6GkMgpahsF9kCyayhgykjyLMNFTKWrpVdAQtYyB4muAMWozBB4ig/dtWAmsMxLEI8wuz+DYQ==, registry: http://registry.npm.taobao.org/, tarball: https://registry.npmmirror.com/lodash.isequal/-/lodash.isequal-4.5.0.tgz }
    name: lodash.isequal
    version: 4.5.0
    dev: false

  registry.npmmirror.com/lodash.throttle@4.1.1:
    resolution: { integrity: sha512-wIkUCfVKpVsWo3JSZlc+8MB5it+2AN5W8J7YVMST30UrvcQNZ1Okbj+rbVniijTWE6FGYy4XJq/rHkas8qJMLQ==, registry: http://registry.npm.taobao.org/, tarball: https://registry.npmmirror.com/lodash.throttle/-/lodash.throttle-4.1.1.tgz }
    name: lodash.throttle
    version: 4.1.1
    dev: false

  registry.npmmirror.com/lodash.toarray@4.4.0:
    resolution: { integrity: sha512-QyffEA3i5dma5q2490+SgCvDN0pXLmRGSyAANuVi0HQ01Pkfr9fuoKQW8wm1wGBnJITs/mS7wQvS6VshUEBFCw==, registry: http://registry.npm.taobao.org/, tarball: https://registry.npmmirror.com/lodash.toarray/-/lodash.toarray-4.4.0.tgz }
    name: lodash.toarray
    version: 4.4.0
    dev: false

  registry.npmmirror.com/magic-string@0.25.9:
    resolution: { integrity: sha512-RmF0AsMzgt25qzqqLc1+MbHmhdx0ojF2Fvs4XnOqz2ZOBXzzkEwc/dJQZCYHAn7v1jbVOjAZfK8msRn4BxO4VQ==, registry: http://registry.npm.taobao.org/, tarball: https://registry.npmmirror.com/magic-string/-/magic-string-0.25.9.tgz }
    name: magic-string
    version: 0.25.9
    dependencies:
      sourcemap-codec: registry.npmmirror.com/sourcemap-codec@1.4.8
    dev: false

  registry.npmmirror.com/mime-match@1.0.2:
    resolution: { integrity: sha512-VXp/ugGDVh3eCLOBCiHZMYWQaTNUHv2IJrut+yXA6+JbLPXHglHwfS/5A5L0ll+jkCY7fIzRJcH6OIunF+c6Cg==, registry: http://registry.npm.taobao.org/, tarball: https://registry.npmmirror.com/mime-match/-/mime-match-1.0.2.tgz }
    name: mime-match
    version: 1.0.2
    dependencies:
      wildcard: registry.npmmirror.com/wildcard@1.1.2
    dev: false

  registry.npmmirror.com/namespace-emitter@2.0.1:
    resolution: { integrity: sha512-N/sMKHniSDJBjfrkbS/tpkPj4RAbvW3mr8UAzvlMHyun93XEm83IAvhWtJVHo+RHn/oO8Job5YN4b+wRjSVp5g==, registry: http://registry.npm.taobao.org/, tarball: https://registry.npmmirror.com/namespace-emitter/-/namespace-emitter-2.0.1.tgz }
    name: namespace-emitter
    version: 2.0.1
    dev: false

  registry.npmmirror.com/nanoid@3.3.6:
    resolution: { integrity: sha512-BGcqMMJuToF7i1rt+2PWSNVnWIkGCU78jBG3RxO/bZlnZPK2Cmi2QaffxGO/2RvWi9sL+FAiRiXMgsyxQ1DIDA==, registry: http://registry.npm.taobao.org/, tarball: https://registry.npmmirror.com/nanoid/-/nanoid-3.3.6.tgz }
    name: nanoid
    version: 3.3.6
    engines: { node: ^10 || ^12 || ^13.7 || ^14 || >=15.0.1 }
    hasBin: true
    dev: false

  registry.npmmirror.com/next-tick@1.1.0:
    resolution: { integrity: sha512-CXdUiJembsNjuToQvxayPZF9Vqht7hewsvy2sOWafLvi2awflj9mOC6bHIg50orX8IJvWKY9wYQ/zB2kogPslQ==, registry: http://registry.npm.taobao.org/, tarball: https://registry.npmmirror.com/next-tick/-/next-tick-1.1.0.tgz }
    name: next-tick
    version: 1.1.0
    dev: false

  registry.npmmirror.com/picocolors@1.0.0:
    resolution: { integrity: sha512-1fygroTLlHu66zi26VoTDv8yRgm0Fccecssto+MhsZ0D/DGW2sm8E8AjW7NU5VVTRt5GxbeZ5qBuJr+HyLYkjQ==, registry: http://registry.npm.taobao.org/, tarball: https://registry.npmmirror.com/picocolors/-/picocolors-1.0.0.tgz }
    name: picocolors
    version: 1.0.0
    dev: false

  registry.npmmirror.com/postcss@8.4.23:
    resolution: { integrity: sha512-bQ3qMcpF6A/YjR55xtoTr0jGOlnPOKAIMdOWiv0EIT6HVPEaJiJB4NLljSbiHoC2RX7DN5Uvjtpbg1NPdwv1oA==, registry: http://registry.npm.taobao.org/, tarball: https://registry.npmmirror.com/postcss/-/postcss-8.4.23.tgz }
    name: postcss
    version: 8.4.23
    engines: { node: ^10 || ^12 || >=14 }
    dependencies:
      nanoid: registry.npmmirror.com/nanoid@3.3.6
      picocolors: registry.npmmirror.com/picocolors@1.0.0
      source-map-js: registry.npmmirror.com/source-map-js@1.0.2
    dev: false

  registry.npmmirror.com/preact@10.13.2:
    resolution: { integrity: sha512-q44QFLhOhty2Bd0Y46fnYW0gD/cbVM9dUVtNTDKPcdXSMA7jfY+Jpd6rk3GB0lcQss0z5s/6CmVP0Z/hV+g6pw==, registry: http://registry.npm.taobao.org/, tarball: https://registry.npmmirror.com/preact/-/preact-10.13.2.tgz }
    name: preact
    version: 10.13.2
    dev: false

  registry.npmmirror.com/prismjs@1.29.0:
    resolution: { integrity: sha512-Kx/1w86q/epKcmte75LNrEoT+lX8pBpavuAbvJWRXar7Hz8jrtF+e3vY751p0R8H9HdArwaCTNDDzHg/ScJK1Q==, registry: http://registry.npm.taobao.org/, tarball: https://registry.npmmirror.com/prismjs/-/prismjs-1.29.0.tgz }
    name: prismjs
    version: 1.29.0
    engines: { node: '>=6' }
    dev: false

  registry.npmmirror.com/regenerator-runtime@0.13.11:
    resolution: { integrity: sha512-kY1AZVr2Ra+t+piVaJ4gxaFaReZVH40AKNo7UCX6W+dEwBo/2oZJzqfuN1qLq1oL45o56cPaTXELwrTh8Fpggg==, registry: http://registry.npm.taobao.org/, tarball: https://registry.npmmirror.com/regenerator-runtime/-/regenerator-runtime-0.13.11.tgz }
    name: regenerator-runtime
    version: 0.13.11
    dev: false

  registry.npmmirror.com/scroll-into-view-if-needed@2.2.31:
    resolution: { integrity: sha512-dGCXy99wZQivjmjIqihaBQNjryrz5rueJY7eHfTdyWEiR4ttYpsajb14rn9s5d4DY4EcY6+4+U/maARBXJedkA==, registry: http://registry.npm.taobao.org/, tarball: https://registry.npmmirror.com/scroll-into-view-if-needed/-/scroll-into-view-if-needed-2.2.31.tgz }
    name: scroll-into-view-if-needed
    version: 2.2.31
    dependencies:
      compute-scroll-into-view: registry.npmmirror.com/compute-scroll-into-view@1.0.20
    dev: false

  registry.npmmirror.com/slate-history@0.66.0(slate@0.72.8):
    resolution: { integrity: sha512-6MWpxGQZiMvSINlCbMW43E2YBSVMCMCIwQfBzGssjWw4kb0qfvj0pIdblWNRQZD0hR6WHP+dHHgGSeVdMWzfng==, registry: http://registry.npm.taobao.org/, tarball: https://registry.npmmirror.com/slate-history/-/slate-history-0.66.0.tgz }
    id: registry.npmmirror.com/slate-history/0.66.0
    name: slate-history
    version: 0.66.0
    peerDependencies:
      slate: '>=0.65.3'
    dependencies:
      is-plain-object: registry.npmmirror.com/is-plain-object@5.0.0
      slate: registry.npmmirror.com/slate@0.72.8
    dev: false

  registry.npmmirror.com/slate@0.72.8:
    resolution: { integrity: sha512-/nJwTswQgnRurpK+bGJFH1oM7naD5qDmHd89JyiKNT2oOKD8marW0QSBtuFnwEbL5aGCS8AmrhXQgNOsn4osAw==, registry: http://registry.npm.taobao.org/, tarball: https://registry.npmmirror.com/slate/-/slate-0.72.8.tgz }
    name: slate
    version: 0.72.8
    dependencies:
      immer: registry.npmmirror.com/immer@9.0.21
      is-plain-object: registry.npmmirror.com/is-plain-object@5.0.0
      tiny-warning: registry.npmmirror.com/tiny-warning@1.0.3
    dev: false

  registry.npmmirror.com/snabbdom@3.5.1:
    resolution: { integrity: sha512-wHMNIOjkm/YNE5EM3RCbr/+DVgPg6AqQAX1eOxO46zYNvCXjKP5Y865tqQj3EXnaMBjkxmQA5jFuDpDK/dbfiA==, registry: http://registry.npm.taobao.org/, tarball: https://registry.npmmirror.com/snabbdom/-/snabbdom-3.5.1.tgz }
    name: snabbdom
    version: 3.5.1
    engines: { node: '>=8.3.0' }
    dev: false

  registry.npmmirror.com/source-map-js@1.0.2:
    resolution: { integrity: sha512-R0XvVJ9WusLiqTCEiGCmICCMplcCkIwwR11mOSD9CR5u+IXYdiseeEuXCVAjS54zqwkLcPNnmU4OeJ6tUrWhDw==, registry: http://registry.npm.taobao.org/, tarball: https://registry.npmmirror.com/source-map-js/-/source-map-js-1.0.2.tgz }
    name: source-map-js
    version: 1.0.2
    engines: { node: '>=0.10.0' }
    dev: false

  registry.npmmirror.com/source-map@0.6.1:
    resolution: { integrity: sha512-UjgapumWlbMhkBgzT7Ykc5YXUT46F0iKu8SGXq0bcwP5dz/h0Plj6enJqjz1Zbq2l5WaqYnrVbwWOWMyF3F47g==, registry: http://registry.npm.taobao.org/, tarball: https://registry.npmmirror.com/source-map/-/source-map-0.6.1.tgz }
    name: source-map
    version: 0.6.1
    engines: { node: '>=0.10.0' }
    dev: false

  registry.npmmirror.com/sourcemap-codec@1.4.8:
    resolution: { integrity: sha512-9NykojV5Uih4lgo5So5dtw+f0JgJX30KCNI8gwhz2J9A15wD0Ml6tjHKwf6fTSa6fAdVBdZeNOs9eJ71qCk8vA==, registry: http://registry.npm.taobao.org/, tarball: https://registry.npmmirror.com/sourcemap-codec/-/sourcemap-codec-1.4.8.tgz }
    name: sourcemap-codec
    version: 1.4.8
    deprecated: Please use @jridgewell/sourcemap-codec instead
    dev: false

  registry.npmmirror.com/ssr-window@3.0.0:
    resolution: { integrity: sha512-q+8UfWDg9Itrg0yWK7oe5p/XRCJpJF9OBtXfOPgSJl+u3Xd5KI328RUEvUqSMVM9CiQUEf1QdBzJMkYGErj9QA==, registry: http://registry.npm.taobao.org/, tarball: https://registry.npmmirror.com/ssr-window/-/ssr-window-3.0.0.tgz }
    name: ssr-window
    version: 3.0.0
    dev: false

  registry.npmmirror.com/tiny-warning@1.0.3:
    resolution: { integrity: sha512-lBN9zLN/oAf68o3zNXYrdCt1kP8WsiGW8Oo2ka41b2IM5JL/S1CTyX1rW0mb/zSuJun0ZUrDxx4sqvYS2FWzPA==, registry: http://registry.npm.taobao.org/, tarball: https://registry.npmmirror.com/tiny-warning/-/tiny-warning-1.0.3.tgz }
    name: tiny-warning
    version: 1.0.3
    dev: false

  registry.npmmirror.com/to-fast-properties@2.0.0:
    resolution: { integrity: sha512-/OaKK0xYrs3DmxRYqL/yDc+FxFUVYhDlXMhRmv3z915w2HF1tnN1omB354j8VUGO/hbRzyD6Y3sA7v7GS/ceog==, registry: http://registry.npm.taobao.org/, tarball: https://registry.npmmirror.com/to-fast-properties/-/to-fast-properties-2.0.0.tgz }
    name: to-fast-properties
    version: 2.0.0
    engines: { node: '>=4' }
    dev: false

  registry.npmmirror.com/type@1.2.0:
    resolution: { integrity: sha512-+5nt5AAniqsCnu2cEQQdpzCAh33kVx8n0VoFidKpB1dVVLAN/F+bgVOqOJqOnEnrhp222clB5p3vUlD+1QAnfg==, registry: http://registry.npm.taobao.org/, tarball: https://registry.npmmirror.com/type/-/type-1.2.0.tgz }
    name: type
    version: 1.2.0
    dev: false

  registry.npmmirror.com/type@2.7.2:
    resolution: { integrity: sha512-dzlvlNlt6AXU7EBSfpAscydQ7gXB+pPGsPnfJnZpiNJBDj7IaJzQlBZYGdEi4R9HmPdBv2XmWJ6YUtoTa7lmCw==, registry: http://registry.npm.taobao.org/, tarball: https://registry.npmmirror.com/type/-/type-2.7.2.tgz }
    name: type
    version: 2.7.2
    dev: false

  registry.npmmirror.com/vue@3.2.47:
    resolution: { integrity: sha512-60188y/9Dc9WVrAZeUVSDxRQOZ+z+y5nO2ts9jWXSTkMvayiWxCWOWtBQoYjLeccfXkiiPZWAHcV+WTPhkqJHQ==, registry: http://registry.npm.taobao.org/, tarball: https://registry.npmmirror.com/vue/-/vue-3.2.47.tgz }
    name: vue
    version: 3.2.47
    dependencies:
      '@vue/compiler-dom': registry.npmmirror.com/@vue/compiler-dom@3.2.47
      '@vue/compiler-sfc': registry.npmmirror.com/@vue/compiler-sfc@3.2.47
      '@vue/runtime-dom': registry.npmmirror.com/@vue/runtime-dom@3.2.47
      '@vue/server-renderer': registry.npmmirror.com/@vue/server-renderer@3.2.47(vue@3.2.47)
      '@vue/shared': registry.npmmirror.com/@vue/shared@3.2.47
    dev: false

  registry.npmmirror.com/wildcard@1.1.2:
    resolution: { integrity: sha512-DXukZJxpHA8LuotRwL0pP1+rS6CS7FF2qStDDE1C7DDg2rLud2PXRMuEDYIPhgEezwnlHNL4c+N6MfMTjCGTng==, registry: http://registry.npm.taobao.org/, tarball: https://registry.npmmirror.com/wildcard/-/wildcard-1.1.2.tgz }
    name: wildcard
    version: 1.1.2
    dev: false
